
Microsoft Visual Studio Solution File, Format Version 12.00
# Visual Studio Version 17
VisualStudioVersion = 17.1.32328.378
MinimumVisualStudioVersion = 10.0.40219.1
Project("{FAE04EC0-301F-11D3-BF4B-00C04F79EFBC}") = "PruebaEntornos", "PruebaEntornos\PruebaEntornos.csproj", "{764D8697-924E-45D8-A01B-8E063D73595A}"
EndProject
Global
	GlobalSection(SolutionConfigurationPlatforms) = preSolution
		Debug|Any CPU = Debug|Any CPU
		Release|Any CPU = Release|Any CPU
	EndGlobalSection
	GlobalSection(ProjectConfigurationPlatforms) = postSolution
		{764D8697-924E-45D8-A01B-8E063D73595A}.Debug|Any CPU.ActiveCfg = Debug|Any CPU
		{764D8697-924E-45D8-A01B-8E063D73595A}.Debug|Any CPU.Build.0 = Debug|Any CPU
		{764D8697-924E-45D8-A01B-8E063D73595A}.Release|Any CPU.ActiveCfg = Release|Any CPU
		{764D8697-924E-45D8-A01B-8E063D73595A}.Release|Any CPU.Build.0 = Release|Any CPU
	EndGlobalSection
	GlobalSection(SolutionProperties) = preSolution
		HideSolutionNode = FALSE
	EndGlobalSection
	GlobalSection(ExtensibilityGlobals) = postSolution
		SolutionGuid = {45EDFBB4-9074-4666-86A9-CEE35E904182}
	EndGlobalSection
EndGlobal
